
Microsoft Visual Studio Solution File, Format Version 12.00
# Visual Studio Version 17
VisualStudioVersion = 17.8.34408.163
MinimumVisualStudioVersion = 10.0.40219.1
Project("{FAE04EC0-301F-11D3-BF4B-00C04F79EFBC}") = "MCP.WebApi", "MCP.WebApi\MCP.WebApi.csproj", "{A9DE109A-F615-4B3E-9F1B-16C50B3C8A8E}"
EndProject
Project("{FAE04EC0-301F-11D3-BF4B-00C04F79EFBC}") = "MCP.Server", "MCP.Server\MCP.Server.csproj", "{A9679E84-CF4C-4C42-9968-531CF134B366}"
EndProject
Global
	GlobalSection(SolutionConfigurationPlatforms) = preSolution
		Debug|Any CPU = Debug|Any CPU
		Release|Any CPU = Release|Any CPU
	EndGlobalSection
	GlobalSection(ProjectConfigurationPlatforms) = postSolution
		{A9DE109A-F615-4B3E-9F1B-16C50B3C8A8E}.Debug|Any CPU.ActiveCfg = Debug|Any CPU
		{A9DE109A-F615-4B3E-9F1B-16C50B3C8A8E}.Debug|Any CPU.Build.0 = Debug|Any CPU
		{A9DE109A-F615-4B3E-9F1B-16C50B3C8A8E}.Release|Any CPU.ActiveCfg = Release|Any CPU
		{A9DE109A-F615-4B3E-9F1B-16C50B3C8A8E}.Release|Any CPU.Build.0 = Release|Any CPU
		{A9679E84-CF4C-4C42-9968-531CF134B366}.Debug|Any CPU.ActiveCfg = Debug|Any CPU
		{A9679E84-CF4C-4C42-9968-531CF134B366}.Debug|Any CPU.Build.0 = Debug|Any CPU
		{A9679E84-CF4C-4C42-9968-531CF134B366}.Release|Any CPU.ActiveCfg = Release|Any CPU
		{A9679E84-CF4C-4C42-9968-531CF134B366}.Release|Any CPU.Build.0 = Release|Any CPU
	EndGlobalSection
	GlobalSection(SolutionProperties) = preSolution
		HideSolutionNode = FALSE
	EndGlobalSection
	GlobalSection(ExtensibilityGlobals) = postSolution
		SolutionGuid = {CE241ABB-E4F0-4433-AC0D-506085FCF832}
	EndGlobalSection
EndGlobal
